
Microsoft Visual Studio Solution File, Format Version 12.00
# Visual Studio 14
VisualStudioVersion = 14.0.25420.1
MinimumVisualStudioVersion = 10.0.40219.1
Project("{FAE04EC0-301F-11D3-BF4B-00C04F79EFBC}") = "HangmanXamarin", "HangmanXamarin\HangmanXamarin.csproj", "{A1EFF1C6-69CE-4930-AC9C-C27021EBF83B}"
	ProjectSection(ProjectDependencies) = postProject
		{4D290427-8B6E-4F27-AE97-026B624CB56E} = {4D290427-8B6E-4F27-AE97-026B624CB56E}
	EndProjectSection
EndProject
Project("{FAE04EC0-301F-11D3-BF4B-00C04F79EFBC}") = "DictionaryLibrary", "DictionaryLibrary\DictionaryLibrary.csproj", "{4D290427-8B6E-4F27-AE97-026B624CB56E}"
EndProject
Global
	GlobalSection(SolutionConfigurationPlatforms) = preSolution
		Debug|Any CPU = Debug|Any CPU
		Release|Any CPU = Release|Any CPU
	EndGlobalSection
	GlobalSection(ProjectConfigurationPlatforms) = postSolution
		{A1EFF1C6-69CE-4930-AC9C-C27021EBF83B}.Debug|Any CPU.ActiveCfg = Debug|Any CPU
		{A1EFF1C6-69CE-4930-AC9C-C27021EBF83B}.Debug|Any CPU.Build.0 = Debug|Any CPU
		{A1EFF1C6-69CE-4930-AC9C-C27021EBF83B}.Debug|Any CPU.Deploy.0 = Debug|Any CPU
		{A1EFF1C6-69CE-4930-AC9C-C27021EBF83B}.Release|Any CPU.ActiveCfg = Release|Any CPU
		{A1EFF1C6-69CE-4930-AC9C-C27021EBF83B}.Release|Any CPU.Build.0 = Release|Any CPU
		{A1EFF1C6-69CE-4930-AC9C-C27021EBF83B}.Release|Any CPU.Deploy.0 = Release|Any CPU
		{4D290427-8B6E-4F27-AE97-026B624CB56E}.Debug|Any CPU.ActiveCfg = Debug|Any CPU
		{4D290427-8B6E-4F27-AE97-026B624CB56E}.Debug|Any CPU.Build.0 = Debug|Any CPU
		{4D290427-8B6E-4F27-AE97-026B624CB56E}.Release|Any CPU.ActiveCfg = Release|Any CPU
		{4D290427-8B6E-4F27-AE97-026B624CB56E}.Release|Any CPU.Build.0 = Release|Any CPU
	EndGlobalSection
	GlobalSection(SolutionProperties) = preSolution
		HideSolutionNode = FALSE
	EndGlobalSection
EndGlobal
